// !$*UTF8*$!
{
	archiveVersion = 1;
	classes = {
	};
	objectVersion = 77;
	objects = {

/* Begin PBXContainerItemProxy section */
		12786AAE2DDA3C3A00625D41 /* PBXContainerItemProxy */ = {
			isa = PBXContainerItemProxy;
			containerPortal = 12786A942DDA3C3700625D41 /* Project object */;
			proxyType = 1;
			remoteGlobalIDString = 12786A9B2DDA3C3700625D41;
			remoteInfo = "LOTUS-IOS";
		};
		12786AB82DDA3C3A00625D41 /* PBXContainerItemProxy */ = {
			isa = PBXContainerItemProxy;
			containerPortal = 12786A942DDA3C3700625D41 /* Project object */;
			proxyType = 1;
			remoteGlobalIDString = 12786A9B2DDA3C3700625D41;
			remoteInfo = "LOTUS-IOS";
		};
/* End PBXContainerItemProxy section */

/* Begin PBXFileReference section */
		12786A9C2DDA3C3700625D41 /* LOTUS-IOS.app */ = {isa = PBXFileReference; explicitFileType = wrapper.application; includeInIndex = 0; path = "LOTUS-IOS.app"; sourceTree = BUILT_PRODUCTS_DIR; };
		12786AAD2DDA3C3A00625D41 /* LOTUS-IOSTests.xctest */ = {isa = PBXFileReference; explicitFileType = wrapper.cfbundle; includeInIndex = 0; path = "LOTUS-IOSTests.xctest"; sourceTree = BUILT_PRODUCTS_DIR; };
		12786AB72DDA3C3A00625D41 /* LOTUS-IOSUITests.xctest */ = {isa = PBXFileReference; explicitFileType = wrapper.cfbundle; includeInIndex = 0; path = "LOTUS-IOSUITests.xctest"; sourceTree = BUILT_PRODUCTS_DIR; };
/* End PBXFileReference section */

/* Begin PBXFileSystemSynchronizedBuildFileExceptionSet section */
		12786ABF2DDA3C3A00625D41 /* Exceptions for "LOTUS-IOS" folder in "LOTUS-IOS" target */ = {
			isa = PBXFileSystemSynchronizedBuildFileExceptionSet;
			membershipExceptions = (
				Info.plist,
			);
			target = 12786A9B2DDA3C3700625D41 /* LOTUS-IOS */;
		};
/* End PBXFileSystemSynchronizedBuildFileExceptionSet section */

/* Begin PBXFileSystemSynchronizedRootGroup section */
		12786A9E2DDA3C3700625D41 /* LOTUS-IOS */ = {
			isa = PBXFileSystemSynchronizedRootGroup;
			exceptions = (
				12786ABF2DDA3C3A00625D41 /* Exceptions for "LOTUS-IOS" folder in "LOTUS-IOS" target */,
			);
			path = "LOTUS-IOS";
			sourceTree = "<group>";
		};
		12786AB02DDA3C3A00625D41 /* LOTUS-IOSTests */ = {
			isa = PBXFileSystemSynchronizedRootGroup;
			path = "LOTUS-IOSTests";
			sourceTree = "<group>";
		};
		12786ABA2DDA3C3A00625D41 /* LOTUS-IOSUITests */ = {
			isa = PBXFileSystemSynchronizedRootGroup;
			path = "LOTUS-IOSUITests";
			sourceTree = "<group>";
		};
/* End PBXFileSystemSynchronizedRootGroup section */

/* Begin PBXFrameworksBuildPhase section */
		12786A992DDA3C3700625D41 /* Frameworks */ = {
			isa = PBXFrameworksBuildPhase;
			buildActionMask = 2147483647;
			files = (
			);
			runOnlyForDeploymentPostprocessing = 0;
		};
		12786AAA2DDA3C3A00625D41 /* Frameworks */ = {
			isa = PBXFrameworksBuildPhase;
			buildActionMask = 2147483647;
			files = (
			);
			runOnlyForDeploymentPostprocessing = 0;
		};
		12786AB42DDA3C3A00625D41 /* Frameworks */ = {
			isa = PBXFrameworksBuildPhase;
			buildActionMask = 2147483647;
			files = (
			);
			runOnlyForDeploymentPostprocessing = 0;
		};
/* End PBXFrameworksBuildPhase section */

/* Begin PBXGroup section */
		12786A932DDA3C3700625D41 = {
			isa = PBXGroup;
			children = (
				12786A9E2DDA3C3700625D41 /* LOTUS-IOS */,
				12786AB02DDA3C3A00625D41 /* LOTUS-IOSTests */,
				12786ABA2DDA3C3A00625D41 /* LOTUS-IOSUITests */,
				12786A9D2DDA3C3700625D41 /* Products */,
			);
			sourceTree = "<group>";
		};
		12786A9D2DDA3C3700625D41 /* Products */ = {
			isa = PBXGroup;
			children = (
				12786A9C2DDA3C3700625D41 /* LOTUS-IOS.app */,
				12786AAD2DDA3C3A00625D41 /* LOTUS-IOSTests.xctest */,
				12786AB72DDA3C3A00625D41 /* LOTUS-IOSUITests.xctest */,
			);
			name = Products;
			sourceTree = "<group>";
		};
/* End PBXGroup section */

/* Begin PBXNativeTarget section */
		12786A9B2DDA3C3700625D41 /* LOTUS-IOS */ = {
			isa = PBXNativeTarget;
			buildConfigurationList = 12786AC02DDA3C3A00625D41 /* Build configuration list for PBXNativeTarget "LOTUS-IOS" */;
			buildPhases = (
				12786A982DDA3C3700625D41 /* Sources */,
				12786A992DDA3C3700625D41 /* Frameworks */,
				12786A9A2DDA3C3700625D41 /* Resources */,
			);
			buildRules = (
			);
			dependencies = (
			);
			fileSystemSynchronizedGroups = (
				12786A9E2DDA3C3700625D41 /* LOTUS-IOS */,
			);
			name = "LOTUS-IOS";
			packageProductDependencies = (
			);
			productName = "LOTUS-IOS";
			productReference = 12786A9C2DDA3C3700625D41 /* LOTUS-IOS.app */;
			productType = "com.apple.product-type.application";
		};
		12786AAC2DDA3C3A00625D41 /* LOTUS-IOSTests */ = {
			isa = PBXNativeTarget;
			buildConfigurationList = 12786AC52DDA3C3A00625D41 /* Build configuration list for PBXNativeTarget "LOTUS-IOSTests" */;
			buildPhases = (
				12786AA92DDA3C3A00625D41 /* Sources */,
				12786AAA2DDA3C3A00625D41 /* Frameworks */,
				12786AAB2DDA3C3A00625D41 /* Resources */,
			);
			buildRules = (
			);
			dependencies = (
				12786AAF2DDA3C3A00625D41 /* PBXTargetDependency */,
			);
			fileSystemSynchronizedGroups = (
				12786AB02DDA3C3A00625D41 /* LOTUS-IOSTests */,
			);
			name = "LOTUS-IOSTests";
			packageProductDependencies = (
			);
			productName = "LOTUS-IOSTests";
			productReference = 12786AAD2DDA3C3A00625D41 /* LOTUS-IOSTests.xctest */;
			productType = "com.apple.product-type.bundle.unit-test";
		};
		12786AB62DDA3C3A00625D41 /* LOTUS-IOSUITests */ = {
			isa = PBXNativeTarget;
			buildConfigurationList = 12786AC82DDA3C3A00625D41 /* Build configuration list for PBXNativeTarget "LOTUS-IOSUITests" */;
			buildPhases = (
				12786AB32DDA3C3A00625D41 /* Sources */,
				12786AB42DDA3C3A00625D41 /* Frameworks */,
				12786AB52DDA3C3A00625D41 /* Resources */,
			);
			buildRules = (
			);
			dependencies = (
				12786AB92DDA3C3A00625D41 /* PBXTargetDependency */,
			);
			fileSystemSynchronizedGroups = (
				12786ABA2DDA3C3A00625D41 /* LOTUS-IOSUITests */,
			);
			name = "LOTUS-IOSUITests";
			packageProductDependencies = (
			);
			productName = "LOTUS-IOSUITests";
			productReference = 12786AB72DDA3C3A00625D41 /* LOTUS-IOSUITests.xctest */;
			productType = "com.apple.product-type.bundle.ui-testing";
		};
/* End PBXNativeTarget section */

/* Begin PBXProject section */
		12786A942DDA3C3700625D41 /* Project object */ = {
			isa = PBXProject;
			attributes = {
				BuildIndependentTargetsInParallel = 1;
				LastSwiftUpdateCheck = 1630;
				LastUpgradeCheck = 1630;
				TargetAttributes = {
					12786A9B2DDA3C3700625D41 = {
						CreatedOnToolsVersion = 16.3;
					};
					12786AAC2DDA3C3A00625D41 = {
						CreatedOnToolsVersion = 16.3;
						TestTargetID = 12786A9B2DDA3C3700625D41;
					};
					12786AB62DDA3C3A00625D41 = {
						CreatedOnToolsVersion = 16.3;
						TestTargetID = 12786A9B2DDA3C3700625D41;
					};
				};
			};
			buildConfigurationList = 12786A972DDA3C3700625D41 /* Build configuration list for PBXProject "LOTUS-IOS" */;
			developmentRegion = en;
			hasScannedForEncodings = 0;
			knownRegions = (
				en,
				Base,
			);
			mainGroup = 12786A932DDA3C3700625D41;
			minimizedProjectReferenceProxies = 1;
			preferredProjectObjectVersion = 77;
			productRefGroup = 12786A9D2DDA3C3700625D41 /* Products */;
			projectDirPath = "";
			projectRoot = "";
			targets = (
				12786A9B2DDA3C3700625D41 /* LOTUS-IOS */,
				12786AAC2DDA3C3A00625D41 /* LOTUS-IOSTests */,
				12786AB62DDA3C3A00625D41 /* LOTUS-IOSUITests */,
			);
		};
/* End PBXProject section */

/* Begin PBXResourcesBuildPhase section */
		12786A9A2DDA3C3700625D41 /* Resources */ = {
			isa = PBXResourcesBuildPhase;
			buildActionMask = 2147483647;
			files = (
			);
			runOnlyForDeploymentPostprocessing = 0;
		};
		12786AAB2DDA3C3A00625D41 /* Resources */ = {
			isa = PBXResourcesBuildPhase;
			buildActionMask = 2147483647;
			files = (
			);
			runOnlyForDeploymentPostprocessing = 0;
		};
		12786AB52DDA3C3A00625D41 /* Resources */ = {
			isa = PBXResourcesBuildPhase;
			buildActionMask = 2147483647;
			files = (
			);
			runOnlyForDeploymentPostprocessing = 0;
		};
/* End PBXResourcesBuildPhase section */

/* Begin PBXSourcesBuildPhase section */
		12786A982DDA3C3700625D41 /* Sources */ = {
			isa = PBXSourcesBuildPhase;
			buildActionMask = 2147483647;
			files = (
			);
			runOnlyForDeploymentPostprocessing = 0;
		};
		12786AA92DDA3C3A00625D41 /* Sources */ = {
			isa = PBXSourcesBuildPhase;
			buildActionMask = 2147483647;
			files = (
			);
			runOnlyForDeploymentPostprocessing = 0;
		};
		12786AB32DDA3C3A00625D41 /* Sources */ = {
			isa = PBXSourcesBuildPhase;
			buildActionMask = 2147483647;
			files = (
			);
			runOnlyForDeploymentPostprocessing = 0;
		};
/* End PBXSourcesBuildPhase section */

/* Begin PBXTargetDependency section */
		12786AAF2DDA3C3A00625D41 /* PBXTargetDependency */ = {
			isa = PBXTargetDependency;
			target = 12786A9B2DDA3C3700625D41 /* LOTUS-IOS */;
			targetProxy = 12786AAE2DDA3C3A00625D41 /* PBXContainerItemProxy */;
		};
		12786AB92DDA3C3A00625D41 /* PBXTargetDependency */ = {
			isa = PBXTargetDependency;
			target = 12786A9B2DDA3C3700625D41 /* LOTUS-IOS */;
			targetProxy = 12786AB82DDA3C3A00625D41 /* PBXContainerItemProxy */;
		};
/* End PBXTargetDependency section */

/* Begin XCBuildConfiguration section */
		12786AC12DDA3C3A00625D41 /* Debug */ = {
			isa = XCBuildConfiguration;
			buildSettings = {
				ASSETCATALOG_COMPILER_APPICON_NAME = AppIcon;
				ASSETCATALOG_COMPILER_GLOBAL_ACCENT_COLOR_NAME = AccentColor;
				CODE_SIGN_ENTITLEMENTS = "LOTUS-IOS/LOTUS_IOS.entitlements";
				CODE_SIGN_STYLE = Automatic;
				CURRENT_PROJECT_VERSION = 1;
				DEVELOPMENT_TEAM = V8CZNBJ3D8;
				ENABLE_PREVIEWS = YES;
				GENERATE_INFOPLIST_FILE = YES;
				INFOPLIST_FILE = "LOTUS-IOS/Info.plist";
				INFOPLIST_KEY_UIApplicationSceneManifest_Generation = YES;
				INFOPLIST_KEY_UIApplicationSupportsIndirectInputEvents = YES;
				INFOPLIST_KEY_UILaunchScreen_Generation = YES;
				INFOPLIST_KEY_UISupportedInterfaceOrientations_iPad = "UIInterfaceOrientationPortrait UIInterfaceOrientationPortraitUpsideDown UIInterfaceOrientationLandscapeLeft UIInterfaceOrientationLandscapeRight";
				INFOPLIST_KEY_UISupportedInterfaceOrientations_iPhone = "UIInterfaceOrientationPortrait UIInterfaceOrientationLandscapeLeft UIInterfaceOrientationLandscapeRight";
				LD_RUNPATH_SEARCH_PATHS = (
					"$(inherited)",
					"@executable_path/Frameworks",
				);
				MARKETING_VERSION = 1.0;
				PRODUCT_BUNDLE_IDENTIFIER = "com.valenciomuskiet.LOTUS-IOS.LOTUS-IOS";
				PRODUCT_NAME = "$(TARGET_NAME)";
				SWIFT_EMIT_LOC_STRINGS = YES;
				SWIFT_VERSION = 5.0;
				TARGETED_DEVICE_FAMILY = "1,2";
			};
			name = Debug;
		};
		12786AC22DDA3C3A00625D41 /* Release */ = {
			isa = XCBuildConfiguration;
			buildSettings = {
				ASSETCATALOG_COMPILER_APPICON_NAME = AppIcon;
				ASSETCATALOG_COMPILER_GLOBAL_ACCENT_COLOR_NAME = AccentColor;
				CODE_SIGN_ENTITLEMENTS = "LOTUS-IOS/LOTUS_IOS.entitlements";
				CODE_SIGN_STYLE = Automatic;
				CURRENT_PROJECT_VERSION = 1;
				DEVELOPMENT_TEAM = V8CZNBJ3D8;
				ENABLE_PREVIEWS = YES;
				GENERATE_INFOPLIST_FILE = YES;
				INFOPLIST_FILE = "LOTUS-IOS/Info.plist";
				INFOPLIST_KEY_UIApplicationSceneManifest_Generation = YES;
				INFOPLIST_KEY_UIApplicationSupportsIndirectInputEvents = YES;
				INFOPLIST_KEY_UILaunchScreen_Generation = YES;
				INFOPLIST_KEY_UISupportedInterfaceOrientations_iPad = "UIInterfaceOrientationPortrait UIInterfaceOrientationPortraitUpsideDown UIInterfaceOrientationLandscapeLeft UIInterfaceOrientationLandscapeRight";
				INFOPLIST_KEY_UISupportedInterfaceOrientations_iPhone = "UIInterfaceOrientationPortrait UIInterfaceOrientationLandscapeLeft UIInterfaceOrientationLandscapeRight";
				LD_RUNPATH_SEARCH_PATHS = (
					"$(inherited)",
					"@executable_path/Frameworks",
				);
				MARKETING_VERSION = 1.0;
				PRODUCT_BUNDLE_IDENTIFIER = "com.valenciomuskiet.LOTUS-IOS.LOTUS-IOS";
				PRODUCT_NAME = "$(TARGET_NAME)";
				SWIFT_EMIT_LOC_STRINGS = YES;
				SWIFT_VERSION = 5.0;
				TARGETED_DEVICE_FAMILY = "1,2";
			};
			name = Release;
		};
		12786AC32DDA3C3A00625D41 /* Debug */ = {
			isa = XCBuildConfiguration;
			buildSettings = {
				ALWAYS_SEARCH_USER_PATHS = NO;
				ASSETCATALOG_COMPILER_GENERATE_SWIFT_ASSET_SYMBOL_EXTENSIONS = YES;
				CLANG_ANALYZER_NONNULL = YES;
				CLANG_ANALYZER_NUMBER_OBJECT_CONVERSION = YES_AGGRESSIVE;
				CLANG_CXX_LANGUAGE_STANDARD = "gnu++20";
				CLANG_ENABLE_MODULES = YES;
				CLANG_ENABLE_OBJC_ARC = YES;
				CLANG_ENABLE_OBJC_WEAK = YES;
				CLANG_WARN_BLOCK_CAPTURE_AUTORELEASING = YES;
				CLANG_WARN_BOOL_CONVERSION = YES;
				CLANG_WARN_COMMA = YES;
				CLANG_WARN_CONSTANT_CONVERSION = YES;
				CLANG_WARN_DEPRECATED_OBJC_IMPLEMENTATIONS = YES;
				CLANG_WARN_DIRECT_OBJC_ISA_USAGE = YES_ERROR;
				CLANG_WARN_DOCUMENTATION_COMMENTS = YES;
				CLANG_WARN_EMPTY_BODY = YES;
				CLANG_WARN_ENUM_CONVERSION = YES;
				CLANG_WARN_INFINITE_RECURSION = YES;
				CLANG_WARN_INT_CONVERSION = YES;
				CLANG_WARN_NON_LITERAL_NULL_CONVERSION = YES;
				CLANG_WARN_OBJC_IMPLICIT_RETAIN_SELF = YES;
				CLANG_WARN_OBJC_LITERAL_CONVERSION = YES;
				CLANG_WARN_OBJC_ROOT_CLASS = YES_ERROR;
				CLANG_WARN_QUOTED_INCLUDE_IN_FRAMEWORK_HEADER = YES;
				CLANG_WARN_RANGE_LOOP_ANALYSIS = YES;
				CLANG_WARN_STRICT_PROTOTYPES = YES;
				CLANG_WARN_SUSPICIOUS_MOVE = YES;
				CLANG_WARN_UNGUARDED_AVAILABILITY = YES_AGGRESSIVE;
				CLANG_WARN_UNREACHABLE_CODE = YES;
				CLANG_WARN__DUPLICATE_METHOD_MATCH = YES;
				COPY_PHASE_STRIP = NO;
				DEBUG_INFORMATION_FORMAT = dwarf;
				DEVELOPMENT_TEAM = V8CZNBJ3D8;
				ENABLE_STRICT_OBJC_MSGSEND = YES;
				ENABLE_TESTABILITY = YES;
				ENABLE_USER_SCRIPT_SANDBOXING = YES;
				GCC_C_LANGUAGE_STANDARD = gnu17;
				GCC_DYNAMIC_NO_PIC = NO;
				GCC_NO_COMMON_BLOCKS = YES;
				GCC_OPTIMIZATION_LEVEL = 0;
				GCC_PREPROCESSOR_DEFINITIONS = (
					"DEBUG=1",
					"$(inherited)",
				);
				GCC_WARN_64_TO_32_BIT_CONVERSION = YES;
				GCC_WARN_ABOUT_RETURN_TYPE = YES_ERROR;
				GCC_WARN_UNDECLARED_SELECTOR = YES;
				GCC_WARN_UNINITIALIZED_AUTOS = YES_AGGRESSIVE;
				GCC_WARN_UNUSED_FUNCTION = YES;
				GCC_WARN_UNUSED_VARIABLE = YES;
				IPHONEOS_DEPLOYMENT_TARGET = 18.4;
				LOCALIZATION_PREFERS_STRING_CATALOGS = YES;
				MTL_ENABLE_DEBUG_INFO = INCLUDE_SOURCE;
				MTL_FAST_MATH = YES;
				ONLY_ACTIVE_ARCH = YES;
				SDKROOT = iphoneos;
				SWIFT_ACTIVE_COMPILATION_CONDITIONS = "DEBUG $(inherited)";
				SWIFT_OPTIMIZATION_LEVEL = "-Onone";
			};
			name = Debug;
		};
		12786AC42DDA3C3A00625D41 /* Release */ = {
			isa = XCBuildConfiguration;
			buildSettings = {
				ALWAYS_SEARCH_USER_PATHS = NO;
				ASSETCATALOG_COMPILER_GENERATE_SWIFT_ASSET_SYMBOL_EXTENSIONS = YES;
				CLANG_ANALYZER_NONNULL = YES;
				CLANG_ANALYZER_NUMBER_OBJECT_CONVERSION = YES_AGGRESSIVE;
				CLANG_CXX_LANGUAGE_STANDARD = "gnu++20";
				CLANG_ENABLE_MODULES = YES;
				CLANG_ENABLE_OBJC_ARC = YES;
				CLANG_ENABLE_OBJC_WEAK = YES;
				CLANG_WARN_BLOCK_CAPTURE_AUTORELEASING = YES;
				CLANG_WARN_BOOL_CONVERSION = YES;
				CLANG_WARN_COMMA = YES;
				CLANG_WARN_CONSTANT_CONVERSION = YES;
				CLANG_WARN_DEPRECATED_OBJC_IMPLEMENTATIONS = YES;
				CLANG_WARN_DIRECT_OBJC_ISA_USAGE = YES_ERROR;
				CLANG_WARN_DOCUMENTATION_COMMENTS = YES;
				CLANG_WARN_EMPTY_BODY = YES;
				CLANG_WARN_ENUM_CONVERSION = YES;
				CLANG_WARN_INFINITE_RECURSION = YES;
				CLANG_WARN_INT_CONVERSION = YES;
				CLANG_WARN_NON_LITERAL_NULL_CONVERSION = YES;
				CLANG_WARN_OBJC_IMPLICIT_RETAIN_SELF = YES;
				CLANG_WARN_OBJC_LITERAL_CONVERSION = YES;
				CLANG_WARN_OBJC_ROOT_CLASS = YES_ERROR;
				CLANG_WARN_QUOTED_INCLUDE_IN_FRAMEWORK_HEADER = YES;
				CLANG_WARN_RANGE_LOOP_ANALYSIS = YES;
				CLANG_WARN_STRICT_PROTOTYPES = YES;
				CLANG_WARN_SUSPICIOUS_MOVE = YES;
				CLANG_WARN_UNGUARDED_AVAILABILITY = YES_AGGRESSIVE;
				CLANG_WARN_UNREACHABLE_CODE = YES;
				CLANG_WARN__DUPLICATE_METHOD_MATCH = YES;
				COPY_PHASE_STRIP = NO;
				DEBUG_INFORMATION_FORMAT = "dwarf-with-dsym";
				DEVELOPMENT_TEAM = V8CZNBJ3D8;
				ENABLE_NS_ASSERTIONS = NO;
				ENABLE_STRICT_OBJC_MSGSEND = YES;
				ENABLE_USER_SCRIPT_SANDBOXING = YES;
				GCC_C_LANGUAGE_STANDARD = gnu17;
				GCC_NO_COMMON_BLOCKS = YES;
				GCC_WARN_64_TO_32_BIT_CONVERSION = YES;
				GCC_WARN_ABOUT_RETURN_TYPE = YES_ERROR;
				GCC_WARN_UNDECLARED_SELECTOR = YES;
				GCC_WARN_UNINITIALIZED_AUTOS = YES_AGGRESSIVE;
				GCC_WARN_UNUSED_FUNCTION = YES;
				GCC_WARN_UNUSED_VARIABLE = YES;
				IPHONEOS_DEPLOYMENT_TARGET = 18.4;
				LOCALIZATION_PREFERS_STRING_CATALOGS = YES;
				MTL_ENABLE_DEBUG_INFO = NO;
				MTL_FAST_MATH = YES;
				SDKROOT = iphoneos;
				SWIFT_COMPILATION_MODE = wholemodule;
				VALIDATE_PRODUCT = YES;
			};
			name = Release;
		};
		12786AC62DDA3C3A00625D41 /* Debug */ = {
			isa = XCBuildConfiguration;
			buildSettings = {
				BUNDLE_LOADER = "$(TEST_HOST)";
				CODE_SIGN_STYLE = Automatic;
				CURRENT_PROJECT_VERSION = 1;
				DEVELOPMENT_TEAM = V8CZNBJ3D8;
				GENERATE_INFOPLIST_FILE = YES;
				IPHONEOS_DEPLOYMENT_TARGET = 18.4;
				MARKETING_VERSION = 1.0;
				PRODUCT_BUNDLE_IDENTIFIER = "com.valenciomuskiet.LOTUS-IOS.LOTUS-IOSTests";
				PRODUCT_NAME = "$(TARGET_NAME)";
				SWIFT_EMIT_LOC_STRINGS = NO;
				SWIFT_VERSION = 5.0;
				TARGETED_DEVICE_FAMILY = "1,2";
				TEST_HOST = "$(BUILT_PRODUCTS_DIR)/LOTUS-IOS.app/$(BUNDLE_EXECUTABLE_FOLDER_PATH)/LOTUS-IOS";
			};
			name = Debug;
		};
		12786AC72DDA3C3A00625D41 /* Release */ = {
			isa = XCBuildConfiguration;
			buildSettings = {
				BUNDLE_LOADER = "$(TEST_HOST)";
				CODE_SIGN_STYLE = Automatic;
				CURRENT_PROJECT_VERSION = 1;
				DEVELOPMENT_TEAM = V8CZNBJ3D8;
				GENERATE_INFOPLIST_FILE = YES;
				IPHONEOS_DEPLOYMENT_TARGET = 18.4;
				MARKETING_VERSION = 1.0;
				PRODUCT_BUNDLE_IDENTIFIER = "com.valenciomuskiet.LOTUS-IOS.LOTUS-IOSTests";
				PRODUCT_NAME = "$(TARGET_NAME)";
				SWIFT_EMIT_LOC_STRINGS = NO;
				SWIFT_VERSION = 5.0;
				TARGETED_DEVICE_FAMILY = "1,2";
				TEST_HOST = "$(BUILT_PRODUCTS_DIR)/LOTUS-IOS.app/$(BUNDLE_EXECUTABLE_FOLDER_PATH)/LOTUS-IOS";
			};
			name = Release;
		};
		12786AC92DDA3C3A00625D41 /* Debug */ = {
			isa = XCBuildConfiguration;
			buildSettings = {
				CODE_SIGN_STYLE = Automatic;
				CURRENT_PROJECT_VERSION = 1;
				DEVELOPMENT_TEAM = V8CZNBJ3D8;
				GENERATE_INFOPLIST_FILE = YES;
				MARKETING_VERSION = 1.0;
				PRODUCT_BUNDLE_IDENTIFIER = "com.valenciomuskiet.LOTUS-IOS.LOTUS-IOSUITests";
				PRODUCT_NAME = "$(TARGET_NAME)";
				SWIFT_EMIT_LOC_STRINGS = NO;
				SWIFT_VERSION = 5.0;
				TARGETED_DEVICE_FAMILY = "1,2";
				TEST_TARGET_NAME = "LOTUS-IOS";
			};
			name = Debug;
		};
		12786ACA2DDA3C3A00625D41 /* Release */ = {
			isa = XCBuildConfiguration;
			buildSettings = {
				CODE_SIGN_STYLE = Automatic;
				CURRENT_PROJECT_VERSION = 1;
				DEVELOPMENT_TEAM = V8CZNBJ3D8;
				GENERATE_INFOPLIST_FILE = YES;
				MARKETING_VERSION = 1.0;
				PRODUCT_BUNDLE_IDENTIFIER = "com.valenciomuskiet.LOTUS-IOS.LOTUS-IOSUITests";
				PRODUCT_NAME = "$(TARGET_NAME)";
				SWIFT_EMIT_LOC_STRINGS = NO;
				SWIFT_VERSION = 5.0;
				TARGETED_DEVICE_FAMILY = "1,2";
				TEST_TARGET_NAME = "LOTUS-IOS";
			};
			name = Release;
		};
/* End XCBuildConfiguration section */

/* Begin XCConfigurationList section */
		12786A972DDA3C3700625D41 /* Build configuration list for PBXProject "LOTUS-IOS" */ = {
			isa = XCConfigurationList;
			buildConfigurations = (
				12786AC32DDA3C3A00625D41 /* Debug */,
				12786AC42DDA3C3A00625D41 /* Release */,
			);
			defaultConfigurationIsVisible = 0;
			defaultConfigurationName = Release;
		};
		12786AC02DDA3C3A00625D41 /* Build configuration list for PBXNativeTarget "LOTUS-IOS" */ = {
			isa = XCConfigurationList;
			buildConfigurations = (
				12786AC12DDA3C3A00625D41 /* Debug */,
				12786AC22DDA3C3A00625D41 /* Release */,
			);
			defaultConfigurationIsVisible = 0;
			defaultConfigurationName = Release;
		};
		12786AC52DDA3C3A00625D41 /* Build configuration list for PBXNativeTarget "LOTUS-IOSTests" */ = {
			isa = XCConfigurationList;
			buildConfigurations = (
				12786AC62DDA3C3A00625D41 /* Debug */,
				12786AC72DDA3C3A00625D41 /* Release */,
			);
			defaultConfigurationIsVisible = 0;
			defaultConfigurationName = Release;
		};
		12786AC82DDA3C3A00625D41 /* Build configuration list for PBXNativeTarget "LOTUS-IOSUITests" */ = {
			isa = XCConfigurationList;
			buildConfigurations = (
				12786AC92DDA3C3A00625D41 /* Debug */,
				12786ACA2DDA3C3A00625D41 /* Release */,
			);
			defaultConfigurationIsVisible = 0;
			defaultConfigurationName = Release;
		};
/* End XCConfigurationList section */
	};
	rootObject = 12786A942DDA3C3700625D41 /* Project object */;
}
